
Microsoft Visual Studio Solution File, Format Version 12.00
# Visual Studio Version 17
VisualStudioVersion = 17.5.2.0
MinimumVisualStudioVersion = 10.0.40219.1
Project("{9A19103F-16F7-4668-BE54-9A1E7A4F7556}") = "Day 1", "Day 1\Day 1.csproj", "{7FE345B8-876E-4C03-88DB-60DA69CECCCC}"
EndProject
Project("{FAE04EC0-301F-11D3-BF4B-00C04F79EFBC}") = "Day 2", "Day 2\Day 2.csproj", "{E347ADAA-BA6A-4E9A-BE5C-E3118E2C6ECF}"
EndProject
Project("{FAE04EC0-301F-11D3-BF4B-00C04F79EFBC}") = "Day 3", "Day 3\Day 3.csproj", "{0211DC2B-0497-4615-A24B-0483C90337BB}"
EndProject
Project("{FAE04EC0-301F-11D3-BF4B-00C04F79EFBC}") = "day 4", "day 4\day 4.csproj", "{3BCC2259-27B4-4FA2-8E48-3A74992615D9}"
EndProject
Project("{FAE04EC0-301F-11D3-BF4B-00C04F79EFBC}") = "Day 5", "Day 5\Day 5.csproj", "{6E1F4946-47A1-46A8-8678-FCD09B8607AA}"
EndProject
Project("{FAE04EC0-301F-11D3-BF4B-00C04F79EFBC}") = "Day 6", "Day 6\Day 6.csproj", "{771C68C5-0D17-425C-B08A-534186CF3A6B}"
EndProject
Project("{FAE04EC0-301F-11D3-BF4B-00C04F79EFBC}") = "day 7", "day 7\day 7.csproj", "{FC07FADC-AA15-4BDB-81C5-211F82F5B1BF}"
EndProject
Project("{FAE04EC0-301F-11D3-BF4B-00C04F79EFBC}") = "Day 8", "Day 8\Day 8.csproj", "{145221AE-1FD2-49B0-8736-29615EB68514}"
EndProject
Project("{FAE04EC0-301F-11D3-BF4B-00C04F79EFBC}") = "Day 9", "Day 9\Day 9.csproj", "{731083AE-9B74-4D4A-B31C-BF83695301DD}"
EndProject
Project("{FAE04EC0-301F-11D3-BF4B-00C04F79EFBC}") = "Day 10", "Day 10\Day 10.csproj", "{1E26C8BC-C739-4DA6-B5BD-06245FD363EB}"
EndProject
Global
	GlobalSection(SolutionConfigurationPlatforms) = preSolution
		Debug|Any CPU = Debug|Any CPU
		Debug|x64 = Debug|x64
		Debug|x86 = Debug|x86
		Release|Any CPU = Release|Any CPU
		Release|x64 = Release|x64
		Release|x86 = Release|x86
	EndGlobalSection
	GlobalSection(ProjectConfigurationPlatforms) = postSolution
		{7FE345B8-876E-4C03-88DB-60DA69CECCCC}.Debug|Any CPU.ActiveCfg = Debug|Any CPU
		{7FE345B8-876E-4C03-88DB-60DA69CECCCC}.Debug|Any CPU.Build.0 = Debug|Any CPU
		{7FE345B8-876E-4C03-88DB-60DA69CECCCC}.Debug|x64.ActiveCfg = Debug|Any CPU
		{7FE345B8-876E-4C03-88DB-60DA69CECCCC}.Debug|x64.Build.0 = Debug|Any CPU
		{7FE345B8-876E-4C03-88DB-60DA69CECCCC}.Debug|x86.ActiveCfg = Debug|Any CPU
		{7FE345B8-876E-4C03-88DB-60DA69CECCCC}.Debug|x86.Build.0 = Debug|Any CPU
		{7FE345B8-876E-4C03-88DB-60DA69CECCCC}.Release|Any CPU.ActiveCfg = Release|Any CPU
		{7FE345B8-876E-4C03-88DB-60DA69CECCCC}.Release|Any CPU.Build.0 = Release|Any CPU
		{7FE345B8-876E-4C03-88DB-60DA69CECCCC}.Release|x64.ActiveCfg = Release|Any CPU
		{7FE345B8-876E-4C03-88DB-60DA69CECCCC}.Release|x64.Build.0 = Release|Any CPU
		{7FE345B8-876E-4C03-88DB-60DA69CECCCC}.Release|x86.ActiveCfg = Release|Any CPU
		{7FE345B8-876E-4C03-88DB-60DA69CECCCC}.Release|x86.Build.0 = Release|Any CPU
		{E347ADAA-BA6A-4E9A-BE5C-E3118E2C6ECF}.Debug|Any CPU.ActiveCfg = Debug|Any CPU
		{E347ADAA-BA6A-4E9A-BE5C-E3118E2C6ECF}.Debug|Any CPU.Build.0 = Debug|Any CPU
		{E347ADAA-BA6A-4E9A-BE5C-E3118E2C6ECF}.Debug|x64.ActiveCfg = Debug|Any CPU
		{E347ADAA-BA6A-4E9A-BE5C-E3118E2C6ECF}.Debug|x64.Build.0 = Debug|Any CPU
		{E347ADAA-BA6A-4E9A-BE5C-E3118E2C6ECF}.Debug|x86.ActiveCfg = Debug|Any CPU
		{E347ADAA-BA6A-4E9A-BE5C-E3118E2C6ECF}.Debug|x86.Build.0 = Debug|Any CPU
		{E347ADAA-BA6A-4E9A-BE5C-E3118E2C6ECF}.Release|Any CPU.ActiveCfg = Release|Any CPU
		{E347ADAA-BA6A-4E9A-BE5C-E3118E2C6ECF}.Release|Any CPU.Build.0 = Release|Any CPU
		{E347ADAA-BA6A-4E9A-BE5C-E3118E2C6ECF}.Release|x64.ActiveCfg = Release|Any CPU
		{E347ADAA-BA6A-4E9A-BE5C-E3118E2C6ECF}.Release|x64.Build.0 = Release|Any CPU
		{E347ADAA-BA6A-4E9A-BE5C-E3118E2C6ECF}.Release|x86.ActiveCfg = Release|Any CPU
		{E347ADAA-BA6A-4E9A-BE5C-E3118E2C6ECF}.Release|x86.Build.0 = Release|Any CPU
		{0211DC2B-0497-4615-A24B-0483C90337BB}.Debug|Any CPU.ActiveCfg = Debug|Any CPU
		{0211DC2B-0497-4615-A24B-0483C90337BB}.Debug|Any CPU.Build.0 = Debug|Any CPU
		{0211DC2B-0497-4615-A24B-0483C90337BB}.Debug|x64.ActiveCfg = Debug|Any CPU
		{0211DC2B-0497-4615-A24B-0483C90337BB}.Debug|x64.Build.0 = Debug|Any CPU
		{0211DC2B-0497-4615-A24B-0483C90337BB}.Debug|x86.ActiveCfg = Debug|Any CPU
		{0211DC2B-0497-4615-A24B-0483C90337BB}.Debug|x86.Build.0 = Debug|Any CPU
		{0211DC2B-0497-4615-A24B-0483C90337BB}.Release|Any CPU.ActiveCfg = Release|Any CPU
		{0211DC2B-0497-4615-A24B-0483C90337BB}.Release|Any CPU.Build.0 = Release|Any CPU
		{0211DC2B-0497-4615-A24B-0483C90337BB}.Release|x64.ActiveCfg = Release|Any CPU
		{0211DC2B-0497-4615-A24B-0483C90337BB}.Release|x64.Build.0 = Release|Any CPU
		{0211DC2B-0497-4615-A24B-0483C90337BB}.Release|x86.ActiveCfg = Release|Any CPU
		{0211DC2B-0497-4615-A24B-0483C90337BB}.Release|x86.Build.0 = Release|Any CPU
		{3BCC2259-27B4-4FA2-8E48-3A74992615D9}.Debug|Any CPU.ActiveCfg = Debug|Any CPU
		{3BCC2259-27B4-4FA2-8E48-3A74992615D9}.Debug|Any CPU.Build.0 = Debug|Any CPU
		{3BCC2259-27B4-4FA2-8E48-3A74992615D9}.Debug|x64.ActiveCfg = Debug|Any CPU
		{3BCC2259-27B4-4FA2-8E48-3A74992615D9}.Debug|x64.Build.0 = Debug|Any CPU
		{3BCC2259-27B4-4FA2-8E48-3A74992615D9}.Debug|x86.ActiveCfg = Debug|Any CPU
		{3BCC2259-27B4-4FA2-8E48-3A74992615D9}.Debug|x86.Build.0 = Debug|Any CPU
		{3BCC2259-27B4-4FA2-8E48-3A74992615D9}.Release|Any CPU.ActiveCfg = Release|Any CPU
		{3BCC2259-27B4-4FA2-8E48-3A74992615D9}.Release|Any CPU.Build.0 = Release|Any CPU
		{3BCC2259-27B4-4FA2-8E48-3A74992615D9}.Release|x64.ActiveCfg = Release|Any CPU
		{3BCC2259-27B4-4FA2-8E48-3A74992615D9}.Release|x64.Build.0 = Release|Any CPU
		{3BCC2259-27B4-4FA2-8E48-3A74992615D9}.Release|x86.ActiveCfg = Release|Any CPU
		{3BCC2259-27B4-4FA2-8E48-3A74992615D9}.Release|x86.Build.0 = Release|Any CPU
		{6E1F4946-47A1-46A8-8678-FCD09B8607AA}.Debug|Any CPU.ActiveCfg = Debug|Any CPU
		{6E1F4946-47A1-46A8-8678-FCD09B8607AA}.Debug|Any CPU.Build.0 = Debug|Any CPU
		{6E1F4946-47A1-46A8-8678-FCD09B8607AA}.Debug|x64.ActiveCfg = Debug|Any CPU
		{6E1F4946-47A1-46A8-8678-FCD09B8607AA}.Debug|x64.Build.0 = Debug|Any CPU
		{6E1F4946-47A1-46A8-8678-FCD09B8607AA}.Debug|x86.ActiveCfg = Debug|Any CPU
		{6E1F4946-47A1-46A8-8678-FCD09B8607AA}.Debug|x86.Build.0 = Debug|Any CPU
		{6E1F4946-47A1-46A8-8678-FCD09B8607AA}.Release|Any CPU.ActiveCfg = Release|Any CPU
		{6E1F4946-47A1-46A8-8678-FCD09B8607AA}.Release|Any CPU.Build.0 = Release|Any CPU
		{6E1F4946-47A1-46A8-8678-FCD09B8607AA}.Release|x64.ActiveCfg = Release|Any CPU
		{6E1F4946-47A1-46A8-8678-FCD09B8607AA}.Release|x64.Build.0 = Release|Any CPU
		{6E1F4946-47A1-46A8-8678-FCD09B8607AA}.Release|x86.ActiveCfg = Release|Any CPU
		{6E1F4946-47A1-46A8-8678-FCD09B8607AA}.Release|x86.Build.0 = Release|Any CPU
		{771C68C5-0D17-425C-B08A-534186CF3A6B}.Debug|Any CPU.ActiveCfg = Debug|Any CPU
		{771C68C5-0D17-425C-B08A-534186CF3A6B}.Debug|Any CPU.Build.0 = Debug|Any CPU
		{771C68C5-0D17-425C-B08A-534186CF3A6B}.Debug|x64.ActiveCfg = Debug|Any CPU
		{771C68C5-0D17-425C-B08A-534186CF3A6B}.Debug|x64.Build.0 = Debug|Any CPU
		{771C68C5-0D17-425C-B08A-534186CF3A6B}.Debug|x86.ActiveCfg = Debug|Any CPU
		{771C68C5-0D17-425C-B08A-534186CF3A6B}.Debug|x86.Build.0 = Debug|Any CPU
		{771C68C5-0D17-425C-B08A-534186CF3A6B}.Release|Any CPU.ActiveCfg = Release|Any CPU
		{771C68C5-0D17-425C-B08A-534186CF3A6B}.Release|Any CPU.Build.0 = Release|Any CPU
		{771C68C5-0D17-425C-B08A-534186CF3A6B}.Release|x64.ActiveCfg = Release|Any CPU
		{771C68C5-0D17-425C-B08A-534186CF3A6B}.Release|x64.Build.0 = Release|Any CPU
		{771C68C5-0D17-425C-B08A-534186CF3A6B}.Release|x86.ActiveCfg = Release|Any CPU
		{771C68C5-0D17-425C-B08A-534186CF3A6B}.Release|x86.Build.0 = Release|Any CPU
		{FC07FADC-AA15-4BDB-81C5-211F82F5B1BF}.Debug|Any CPU.ActiveCfg = Debug|Any CPU
		{FC07FADC-AA15-4BDB-81C5-211F82F5B1BF}.Debug|Any CPU.Build.0 = Debug|Any CPU
		{FC07FADC-AA15-4BDB-81C5-211F82F5B1BF}.Debug|x64.ActiveCfg = Debug|Any CPU
		{FC07FADC-AA15-4BDB-81C5-211F82F5B1BF}.Debug|x64.Build.0 = Debug|Any CPU
		{FC07FADC-AA15-4BDB-81C5-211F82F5B1BF}.Debug|x86.ActiveCfg = Debug|Any CPU
		{FC07FADC-AA15-4BDB-81C5-211F82F5B1BF}.Debug|x86.Build.0 = Debug|Any CPU
		{FC07FADC-AA15-4BDB-81C5-211F82F5B1BF}.Release|Any CPU.ActiveCfg = Release|Any CPU
		{FC07FADC-AA15-4BDB-81C5-211F82F5B1BF}.Release|Any CPU.Build.0 = Release|Any CPU
		{FC07FADC-AA15-4BDB-81C5-211F82F5B1BF}.Release|x64.ActiveCfg = Release|Any CPU
		{FC07FADC-AA15-4BDB-81C5-211F82F5B1BF}.Release|x64.Build.0 = Release|Any CPU
		{FC07FADC-AA15-4BDB-81C5-211F82F5B1BF}.Release|x86.ActiveCfg = Release|Any CPU
		{FC07FADC-AA15-4BDB-81C5-211F82F5B1BF}.Release|x86.Build.0 = Release|Any CPU
		{145221AE-1FD2-49B0-8736-29615EB68514}.Debug|Any CPU.ActiveCfg = Debug|Any CPU
		{145221AE-1FD2-49B0-8736-29615EB68514}.Debug|Any CPU.Build.0 = Debug|Any CPU
		{145221AE-1FD2-49B0-8736-29615EB68514}.Debug|x64.ActiveCfg = Debug|Any CPU
		{145221AE-1FD2-49B0-8736-29615EB68514}.Debug|x64.Build.0 = Debug|Any CPU
		{145221AE-1FD2-49B0-8736-29615EB68514}.Debug|x86.ActiveCfg = Debug|Any CPU
		{145221AE-1FD2-49B0-8736-29615EB68514}.Debug|x86.Build.0 = Debug|Any CPU
		{145221AE-1FD2-49B0-8736-29615EB68514}.Release|Any CPU.ActiveCfg = Release|Any CPU
		{145221AE-1FD2-49B0-8736-29615EB68514}.Release|Any CPU.Build.0 = Release|Any CPU
		{145221AE-1FD2-49B0-8736-29615EB68514}.Release|x64.ActiveCfg = Release|Any CPU
		{145221AE-1FD2-49B0-8736-29615EB68514}.Release|x64.Build.0 = Release|Any CPU
		{145221AE-1FD2-49B0-8736-29615EB68514}.Release|x86.ActiveCfg = Release|Any CPU
		{145221AE-1FD2-49B0-8736-29615EB68514}.Release|x86.Build.0 = Release|Any CPU
		{731083AE-9B74-4D4A-B31C-BF83695301DD}.Debug|Any CPU.ActiveCfg = Debug|Any CPU
		{731083AE-9B74-4D4A-B31C-BF83695301DD}.Debug|Any CPU.Build.0 = Debug|Any CPU
		{731083AE-9B74-4D4A-B31C-BF83695301DD}.Debug|x64.ActiveCfg = Debug|Any CPU
		{731083AE-9B74-4D4A-B31C-BF83695301DD}.Debug|x64.Build.0 = Debug|Any CPU
		{731083AE-9B74-4D4A-B31C-BF83695301DD}.Debug|x86.ActiveCfg = Debug|Any CPU
		{731083AE-9B74-4D4A-B31C-BF83695301DD}.Debug|x86.Build.0 = Debug|Any CPU
		{731083AE-9B74-4D4A-B31C-BF83695301DD}.Release|Any CPU.ActiveCfg = Release|Any CPU
		{731083AE-9B74-4D4A-B31C-BF83695301DD}.Release|Any CPU.Build.0 = Release|Any CPU
		{731083AE-9B74-4D4A-B31C-BF83695301DD}.Release|x64.ActiveCfg = Release|Any CPU
		{731083AE-9B74-4D4A-B31C-BF83695301DD}.Release|x64.Build.0 = Release|Any CPU
		{731083AE-9B74-4D4A-B31C-BF83695301DD}.Release|x86.ActiveCfg = Release|Any CPU
		{731083AE-9B74-4D4A-B31C-BF83695301DD}.Release|x86.Build.0 = Release|Any CPU
		{1E26C8BC-C739-4DA6-B5BD-06245FD363EB}.Debug|Any CPU.ActiveCfg = Debug|Any CPU
		{1E26C8BC-C739-4DA6-B5BD-06245FD363EB}.Debug|Any CPU.Build.0 = Debug|Any CPU
		{1E26C8BC-C739-4DA6-B5BD-06245FD363EB}.Debug|x64.ActiveCfg = Debug|Any CPU
		{1E26C8BC-C739-4DA6-B5BD-06245FD363EB}.Debug|x64.Build.0 = Debug|Any CPU
		{1E26C8BC-C739-4DA6-B5BD-06245FD363EB}.Debug|x86.ActiveCfg = Debug|Any CPU
		{1E26C8BC-C739-4DA6-B5BD-06245FD363EB}.Debug|x86.Build.0 = Debug|Any CPU
		{1E26C8BC-C739-4DA6-B5BD-06245FD363EB}.Release|Any CPU.ActiveCfg = Release|Any CPU
		{1E26C8BC-C739-4DA6-B5BD-06245FD363EB}.Release|Any CPU.Build.0 = Release|Any CPU
		{1E26C8BC-C739-4DA6-B5BD-06245FD363EB}.Release|x64.ActiveCfg = Release|Any CPU
		{1E26C8BC-C739-4DA6-B5BD-06245FD363EB}.Release|x64.Build.0 = Release|Any CPU
		{1E26C8BC-C739-4DA6-B5BD-06245FD363EB}.Release|x86.ActiveCfg = Release|Any CPU
		{1E26C8BC-C739-4DA6-B5BD-06245FD363EB}.Release|x86.Build.0 = Release|Any CPU
	EndGlobalSection
	GlobalSection(SolutionProperties) = preSolution
		HideSolutionNode = FALSE
	EndGlobalSection
	GlobalSection(ExtensibilityGlobals) = postSolution
		SolutionGuid = {F768DD30-3531-4B29-B59C-1E4D1A78461A}
	EndGlobalSection
EndGlobal
